
Microsoft Visual Studio Solution File, Format Version 12.00
# Visual Studio Version 16
VisualStudioVersion = 16.0.31613.86
MinimumVisualStudioVersion = 10.0.40219.1
Project("{FAE04EC0-301F-11D3-BF4B-00C04F79EFBC}") = "Method Class Submission Assignment", "Method Class Submission Assignment\Method Class Submission Assignment.csproj", "{DAF2A5EB-C06D-40AC-AC38-FFDCAE21EC6C}"
EndProject
Global
	GlobalSection(SolutionConfigurationPlatforms) = preSolution
		Debug|Any CPU = Debug|Any CPU
		Release|Any CPU = Release|Any CPU
	EndGlobalSection
	GlobalSection(ProjectConfigurationPlatforms) = postSolution
		{DAF2A5EB-C06D-40AC-AC38-FFDCAE21EC6C}.Debug|Any CPU.ActiveCfg = Debug|Any CPU
		{DAF2A5EB-C06D-40AC-AC38-FFDCAE21EC6C}.Debug|Any CPU.Build.0 = Debug|Any CPU
		{DAF2A5EB-C06D-40AC-AC38-FFDCAE21EC6C}.Release|Any CPU.ActiveCfg = Release|Any CPU
		{DAF2A5EB-C06D-40AC-AC38-FFDCAE21EC6C}.Release|Any CPU.Build.0 = Release|Any CPU
	EndGlobalSection
	GlobalSection(SolutionProperties) = preSolution
		HideSolutionNode = FALSE
	EndGlobalSection
	GlobalSection(ExtensibilityGlobals) = postSolution
		SolutionGuid = {EA80D5D3-74B8-409D-B811-8799373E4CD8}
	EndGlobalSection
EndGlobal
